
Microsoft Visual Studio Solution File, Format Version 12.00
# Visual Studio Version 17
VisualStudioVersion = 17.6.33801.468
MinimumVisualStudioVersion = 10.0.40219.1
Project("{FAE04EC0-301F-11D3-BF4B-00C04F79EFBC}") = "CalculateFibonacciNumber", "CalculateFibonacciNumber\CalculateFibonacciNumber.csproj", "{FE649F68-50AD-4125-B0BE-6DE6FCE4A95A}"
EndProject
Global
	GlobalSection(SolutionConfigurationPlatforms) = preSolution
		Debug|Any CPU = Debug|Any CPU
		Release|Any CPU = Release|Any CPU
	EndGlobalSection
	GlobalSection(ProjectConfigurationPlatforms) = postSolution
		{FE649F68-50AD-4125-B0BE-6DE6FCE4A95A}.Debug|Any CPU.ActiveCfg = Debug|Any CPU
		{FE649F68-50AD-4125-B0BE-6DE6FCE4A95A}.Debug|Any CPU.Build.0 = Debug|Any CPU
		{FE649F68-50AD-4125-B0BE-6DE6FCE4A95A}.Release|Any CPU.ActiveCfg = Release|Any CPU
		{FE649F68-50AD-4125-B0BE-6DE6FCE4A95A}.Release|Any CPU.Build.0 = Release|Any CPU
	EndGlobalSection
	GlobalSection(SolutionProperties) = preSolution
		HideSolutionNode = FALSE
	EndGlobalSection
	GlobalSection(ExtensibilityGlobals) = postSolution
		SolutionGuid = {E730A866-F5FC-4C16-9A90-B179D5C2450C}
	EndGlobalSection
EndGlobal
